github.com/gomarkdown/markdown v0.0.0-20190802011031-b3dd8ce84a34 h1:ReCH/CAy9I/3I5kTaIi68r8Fcf50MEs//X1y9S29KMU=
github.com/gomarkdown/markdown v0.0.0-20190802011031-b3dd8ce84a34/go.mod h1:JDGcbDT52eL4fju3sZ4TeHGsQwhG9nbDV21aMyhwPoA=
github.com/gorilla/mux v1.7.3 h1:gnP5JzjVOuiZD07fKKToCAOjS0yOpj/qPETTXCCS6hw=
github.com/gorilla/mux v1.7.3/go.mod h1:1lud6UwP+6orDFRuTfBEV8e9/aOM/c4fVVCaMa2zaAs=
github.com/gorilla/websocket v1.4.0 h1:WDFjx/TMzVgy9VdMMQi2K2Emtwi2QcUQsztZ/zLaH/Q=
github.com/gorilla/websocket v1.4.0/go.mod h1:E7qHFY5m1UJ88s3WnNqhKjPHQ0heANvMoAMk2YaljkQ=
github.com/justinas/alice v0.0.0-20171023064455-03f45bd4b7da h1:5y58+OCjoHCYB8182mpf/dEsq0vwTKPOo4zGfH0xW9A=
github.com/justinas/alice v0.0.0-20171023064455-03f45bd4b7da/go.mod h1:oLH0CmIaxCGXD67VKGR5AacGXZSMznlmeqM8RzPrcY8=
github.com/radovskyb/watcher v1.0.2 h1:9L5TsZUbo1nKhQEQPtICVc+x9UZQ6VPdBepLHyGw/bQ=
github.com/radovskyb/watcher v1.0.2/go.mod h1:78okwvY5wPdzcb1UYnip1pvrZNIVEIh/Cm+ZuvsUYIg=
github.com/spf13/pflag v1.0.3 h1:zPAT6CGy6wXeQ7NtTnaTerfKOsV6V6F8agHXFiazDkg=
github.com/spf13/pflag v1.0.3/go.mod h1:DYY7MBk1bdzusC3SYhjObp+wFpr4gzcvqqNjLnInEg4=
github.com/unprofession-al/noip v0.0.0-20180605062019-79ae89f9864a h1:JkwLoVMsDBhl7Oo0NE19sWzmr7Jvp6R4KlXXXZQGXNk=
github.com/unprofession-al/noip v0.0.0-20180605062019-79ae89f9864a/go.mod h1:1YJPtPKK59bCh6fkR+/0oamAyzfpf69zOILI1/A1puU=
